
Microsoft Visual Studio Solution File, Format Version 12.00
# Visual Studio Version 17
VisualStudioVersion = 17.5.33502.453
MinimumVisualStudioVersion = 10.0.40219.1
Project("{8BC9CEB8-8B4A-11D0-8D11-00A0C91BC942}") = "053_Pointer", "053_Pointer\053_Pointer.vcxproj", "{0C8A438B-70BD-404B-A2AA-8A160BC68A98}"
EndProject
Project("{8BC9CEB8-8B4A-11D0-8D11-00A0C91BC942}") = "053_Pointer2", "053_Pointer2\053_Pointer2.vcxproj", "{FCB7ED7F-0DFD-41A6-A080-AF7FD9CA0F52}"
EndProject
Project("{8BC9CEB8-8B4A-11D0-8D11-00A0C91BC942}") = "053_FriendClass", "053_FriendClass\053_FriendClass.vcxproj", "{94924C33-E1DB-448F-A23D-01106F90BA1E}"
EndProject
Project("{8BC9CEB8-8B4A-11D0-8D11-00A0C91BC942}") = "053_Friendclass2", "053_Friendclass2\053_Friendclass2.vcxproj", "{9C385BE8-FB26-42E7-8A41-D8E5FCD3703E}"
EndProject
Project("{8BC9CEB8-8B4A-11D0-8D11-00A0C91BC942}") = "053_Friendclass3", "053_Friendclass3\053_Friendclass3.vcxproj", "{27A87080-5F9B-4394-BE33-3D567EF2BAEE}"
EndProject
Global
	GlobalSection(SolutionConfigurationPlatforms) = preSolution
		Debug|x64 = Debug|x64
		Debug|x86 = Debug|x86
		Release|x64 = Release|x64
		Release|x86 = Release|x86
	EndGlobalSection
	GlobalSection(ProjectConfigurationPlatforms) = postSolution
		{0C8A438B-70BD-404B-A2AA-8A160BC68A98}.Debug|x64.ActiveCfg = Debug|x64
		{0C8A438B-70BD-404B-A2AA-8A160BC68A98}.Debug|x64.Build.0 = Debug|x64
		{0C8A438B-70BD-404B-A2AA-8A160BC68A98}.Debug|x86.ActiveCfg = Debug|Win32
		{0C8A438B-70BD-404B-A2AA-8A160BC68A98}.Debug|x86.Build.0 = Debug|Win32
		{0C8A438B-70BD-404B-A2AA-8A160BC68A98}.Release|x64.ActiveCfg = Release|x64
		{0C8A438B-70BD-404B-A2AA-8A160BC68A98}.Release|x64.Build.0 = Release|x64
		{0C8A438B-70BD-404B-A2AA-8A160BC68A98}.Release|x86.ActiveCfg = Release|Win32
		{0C8A438B-70BD-404B-A2AA-8A160BC68A98}.Release|x86.Build.0 = Release|Win32
		{FCB7ED7F-0DFD-41A6-A080-AF7FD9CA0F52}.Debug|x64.ActiveCfg = Debug|x64
		{FCB7ED7F-0DFD-41A6-A080-AF7FD9CA0F52}.Debug|x64.Build.0 = Debug|x64
		{FCB7ED7F-0DFD-41A6-A080-AF7FD9CA0F52}.Debug|x86.ActiveCfg = Debug|Win32
		{FCB7ED7F-0DFD-41A6-A080-AF7FD9CA0F52}.Debug|x86.Build.0 = Debug|Win32
		{FCB7ED7F-0DFD-41A6-A080-AF7FD9CA0F52}.Release|x64.ActiveCfg = Release|x64
		{FCB7ED7F-0DFD-41A6-A080-AF7FD9CA0F52}.Release|x64.Build.0 = Release|x64
		{FCB7ED7F-0DFD-41A6-A080-AF7FD9CA0F52}.Release|x86.ActiveCfg = Release|Win32
		{FCB7ED7F-0DFD-41A6-A080-AF7FD9CA0F52}.Release|x86.Build.0 = Release|Win32
		{94924C33-E1DB-448F-A23D-01106F90BA1E}.Debug|x64.ActiveCfg = Debug|x64
		{94924C33-E1DB-448F-A23D-01106F90BA1E}.Debug|x64.Build.0 = Debug|x64
		{94924C33-E1DB-448F-A23D-01106F90BA1E}.Debug|x86.ActiveCfg = Debug|Win32
		{94924C33-E1DB-448F-A23D-01106F90BA1E}.Debug|x86.Build.0 = Debug|Win32
		{94924C33-E1DB-448F-A23D-01106F90BA1E}.Release|x64.ActiveCfg = Release|x64
		{94924C33-E1DB-448F-A23D-01106F90BA1E}.Release|x64.Build.0 = Release|x64
		{94924C33-E1DB-448F-A23D-01106F90BA1E}.Release|x86.ActiveCfg = Release|Win32
		{94924C33-E1DB-448F-A23D-01106F90BA1E}.Release|x86.Build.0 = Release|Win32
		{9C385BE8-FB26-42E7-8A41-D8E5FCD3703E}.Debug|x64.ActiveCfg = Debug|x64
		{9C385BE8-FB26-42E7-8A41-D8E5FCD3703E}.Debug|x64.Build.0 = Debug|x64
		{9C385BE8-FB26-42E7-8A41-D8E5FCD3703E}.Debug|x86.ActiveCfg = Debug|Win32
		{9C385BE8-FB26-42E7-8A41-D8E5FCD3703E}.Debug|x86.Build.0 = Debug|Win32
		{9C385BE8-FB26-42E7-8A41-D8E5FCD3703E}.Release|x64.ActiveCfg = Release|x64
		{9C385BE8-FB26-42E7-8A41-D8E5FCD3703E}.Release|x64.Build.0 = Release|x64
		{9C385BE8-FB26-42E7-8A41-D8E5FCD3703E}.Release|x86.ActiveCfg = Release|Win32
		{9C385BE8-FB26-42E7-8A41-D8E5FCD3703E}.Release|x86.Build.0 = Release|Win32
		{27A87080-5F9B-4394-BE33-3D567EF2BAEE}.Debug|x64.ActiveCfg = Debug|x64
		{27A87080-5F9B-4394-BE33-3D567EF2BAEE}.Debug|x64.Build.0 = Debug|x64
		{27A87080-5F9B-4394-BE33-3D567EF2BAEE}.Debug|x86.ActiveCfg = Debug|Win32
		{27A87080-5F9B-4394-BE33-3D567EF2BAEE}.Debug|x86.Build.0 = Debug|Win32
		{27A87080-5F9B-4394-BE33-3D567EF2BAEE}.Release|x64.ActiveCfg = Release|x64
		{27A87080-5F9B-4394-BE33-3D567EF2BAEE}.Release|x64.Build.0 = Release|x64
		{27A87080-5F9B-4394-BE33-3D567EF2BAEE}.Release|x86.ActiveCfg = Release|Win32
		{27A87080-5F9B-4394-BE33-3D567EF2BAEE}.Release|x86.Build.0 = Release|Win32
	EndGlobalSection
	GlobalSection(SolutionProperties) = preSolution
		HideSolutionNode = FALSE
	EndGlobalSection
	GlobalSection(ExtensibilityGlobals) = postSolution
		SolutionGuid = {60130316-CE8F-4C73-A659-6CDF209886D3}
	EndGlobalSection
EndGlobal
